
Microsoft Visual Studio Solution File, Format Version 12.00
# Visual Studio 2013
VisualStudioVersion = 12.0.30723.0
MinimumVisualStudioVersion = 10.0.40219.1
Project("{FAE04EC0-301F-11D3-BF4B-00C04F79EFBC}") = "WcfDateService", "DateService\WcfDateService.csproj", "{3B518408-1C27-4BDC-8A7B-6FF7C6F10786}"
EndProject
Project("{FAE04EC0-301F-11D3-BF4B-00C04F79EFBC}") = "DataServiceConsoleClient", "DataServiceConsoleClient\DataServiceConsoleClient.csproj", "{416F4DB9-367B-47D2-AA41-53F629214594}"
	ProjectSection(ProjectDependencies) = postProject
		{3B518408-1C27-4BDC-8A7B-6FF7C6F10786} = {3B518408-1C27-4BDC-8A7B-6FF7C6F10786}
	EndProjectSection
EndProject
Project("{FAE04EC0-301F-11D3-BF4B-00C04F79EFBC}") = "HostService", "SubstringCounterService\HostService.csproj", "{45804021-7D27-4A01-AE61-91306066F757}"
EndProject
Project("{FAE04EC0-301F-11D3-BF4B-00C04F79EFBC}") = "SubstringCountService", "SubstringCountService\SubstringCountService.csproj", "{181B9479-F25C-43C1-B2AE-A32A8BED3377}"
EndProject
Project("{FAE04EC0-301F-11D3-BF4B-00C04F79EFBC}") = "StringCoiunterConsoleClient", "StringCoiunterConsoleClient\StringCoiunterConsoleClient.csproj", "{88939B12-D57F-4773-B62A-C08391F108C9}"
EndProject
Project("{E24C65DC-7377-472B-9ABA-BC803B73C61A}") = "StringService", "http://localhost:13367", "{48DF520A-7B76-444A-A72D-B7FE4EC9EBBB}"
	ProjectSection(WebsiteProperties) = preProject
		UseIISExpress = "true"
		TargetFrameworkMoniker = ".NETFramework,Version%3Dv4.5"
		ProjectReferences = "{181b9479-f25c-43c1-b2ae-a32a8bed3377}|SubstringCountService.dll;"
		Debug.AspNetCompiler.VirtualPath = "/localhost_13367"
		Debug.AspNetCompiler.PhysicalPath = "C:\Users\Todor\Documents\Visual Studio 2013\WebSites\StringService\"
		Debug.AspNetCompiler.TargetPath = "PrecompiledWeb\localhost_13367\"
		Debug.AspNetCompiler.Updateable = "true"
		Debug.AspNetCompiler.ForceOverwrite = "true"
		Debug.AspNetCompiler.FixedNames = "false"
		Debug.AspNetCompiler.Debug = "True"
		Release.AspNetCompiler.VirtualPath = "/localhost_13367"
		Release.AspNetCompiler.PhysicalPath = "C:\Users\Todor\Documents\Visual Studio 2013\WebSites\StringService\"
		Release.AspNetCompiler.TargetPath = "PrecompiledWeb\localhost_13367\"
		Release.AspNetCompiler.Updateable = "true"
		Release.AspNetCompiler.ForceOverwrite = "true"
		Release.AspNetCompiler.FixedNames = "false"
		Release.AspNetCompiler.Debug = "False"
		SlnRelativePath = "C:\Users\Todor\Documents\Visual Studio 2013\WebSites\StringService\"
		DefaultWebSiteLanguage = "Visual Basic"
	EndProjectSection
EndProject
Global
	GlobalSection(SolutionConfigurationPlatforms) = preSolution
		Debug|Any CPU = Debug|Any CPU
		Release|Any CPU = Release|Any CPU
	EndGlobalSection
	GlobalSection(ProjectConfigurationPlatforms) = postSolution
		{3B518408-1C27-4BDC-8A7B-6FF7C6F10786}.Debug|Any CPU.ActiveCfg = Debug|Any CPU
		{3B518408-1C27-4BDC-8A7B-6FF7C6F10786}.Debug|Any CPU.Build.0 = Debug|Any CPU
		{3B518408-1C27-4BDC-8A7B-6FF7C6F10786}.Release|Any CPU.ActiveCfg = Release|Any CPU
		{3B518408-1C27-4BDC-8A7B-6FF7C6F10786}.Release|Any CPU.Build.0 = Release|Any CPU
		{416F4DB9-367B-47D2-AA41-53F629214594}.Debug|Any CPU.ActiveCfg = Debug|Any CPU
		{416F4DB9-367B-47D2-AA41-53F629214594}.Debug|Any CPU.Build.0 = Debug|Any CPU
		{416F4DB9-367B-47D2-AA41-53F629214594}.Release|Any CPU.ActiveCfg = Release|Any CPU
		{416F4DB9-367B-47D2-AA41-53F629214594}.Release|Any CPU.Build.0 = Release|Any CPU
		{45804021-7D27-4A01-AE61-91306066F757}.Debug|Any CPU.ActiveCfg = Debug|Any CPU
		{45804021-7D27-4A01-AE61-91306066F757}.Debug|Any CPU.Build.0 = Debug|Any CPU
		{45804021-7D27-4A01-AE61-91306066F757}.Release|Any CPU.ActiveCfg = Release|Any CPU
		{45804021-7D27-4A01-AE61-91306066F757}.Release|Any CPU.Build.0 = Release|Any CPU
		{181B9479-F25C-43C1-B2AE-A32A8BED3377}.Debug|Any CPU.ActiveCfg = Debug|Any CPU
		{181B9479-F25C-43C1-B2AE-A32A8BED3377}.Debug|Any CPU.Build.0 = Debug|Any CPU
		{181B9479-F25C-43C1-B2AE-A32A8BED3377}.Release|Any CPU.ActiveCfg = Release|Any CPU
		{181B9479-F25C-43C1-B2AE-A32A8BED3377}.Release|Any CPU.Build.0 = Release|Any CPU
		{88939B12-D57F-4773-B62A-C08391F108C9}.Debug|Any CPU.ActiveCfg = Debug|Any CPU
		{88939B12-D57F-4773-B62A-C08391F108C9}.Debug|Any CPU.Build.0 = Debug|Any CPU
		{88939B12-D57F-4773-B62A-C08391F108C9}.Release|Any CPU.ActiveCfg = Release|Any CPU
		{88939B12-D57F-4773-B62A-C08391F108C9}.Release|Any CPU.Build.0 = Release|Any CPU
		{48DF520A-7B76-444A-A72D-B7FE4EC9EBBB}.Debug|Any CPU.ActiveCfg = Debug|Any CPU
		{48DF520A-7B76-444A-A72D-B7FE4EC9EBBB}.Debug|Any CPU.Build.0 = Debug|Any CPU
		{48DF520A-7B76-444A-A72D-B7FE4EC9EBBB}.Release|Any CPU.ActiveCfg = Debug|Any CPU
		{48DF520A-7B76-444A-A72D-B7FE4EC9EBBB}.Release|Any CPU.Build.0 = Debug|Any CPU
	EndGlobalSection
	GlobalSection(SolutionProperties) = preSolution
		HideSolutionNode = FALSE
	EndGlobalSection
EndGlobal
